
Microsoft Visual Studio Solution File, Format Version 12.00
# Visual Studio Version 16
VisualStudioVersion = 16.0.30320.27
MinimumVisualStudioVersion = 10.0.40219.1
Project("{FAE04EC0-301F-11D3-BF4B-00C04F79EFBC}") = "JSON-App", "JSON-App\JSON-App.csproj", "{2229431C-6EAA-4272-A55D-168062CD55FA}"
EndProject
Global
	GlobalSection(SolutionConfigurationPlatforms) = preSolution
		Debug|Any CPU = Debug|Any CPU
		Release|Any CPU = Release|Any CPU
	EndGlobalSection
	GlobalSection(ProjectConfigurationPlatforms) = postSolution
		{2229431C-6EAA-4272-A55D-168062CD55FA}.Debug|Any CPU.ActiveCfg = Debug|Any CPU
		{2229431C-6EAA-4272-A55D-168062CD55FA}.Debug|Any CPU.Build.0 = Debug|Any CPU
		{2229431C-6EAA-4272-A55D-168062CD55FA}.Release|Any CPU.ActiveCfg = Release|Any CPU
		{2229431C-6EAA-4272-A55D-168062CD55FA}.Release|Any CPU.Build.0 = Release|Any CPU
	EndGlobalSection
	GlobalSection(SolutionProperties) = preSolution
		HideSolutionNode = FALSE
	EndGlobalSection
	GlobalSection(ExtensibilityGlobals) = postSolution
		SolutionGuid = {BEEC566C-D346-4492-95D0-7D73ED9F4628}
	EndGlobalSection
EndGlobal
