
Microsoft Visual Studio Solution File, Format Version 12.00
# Visual Studio 15
VisualStudioVersion = 15.0.28307.1209
MinimumVisualStudioVersion = 10.0.40219.1
Project("{9A19103F-16F7-4668-BE54-9A1E7A4F7556}") = "myApp", "myApp.csproj", "{AF37CC9E-96DF-421A-B5A0-0405DD2B866B}"
EndProject
Global
	GlobalSection(SolutionConfigurationPlatforms) = preSolution
		Debug|Any CPU = Debug|Any CPU
		Release|Any CPU = Release|Any CPU
	EndGlobalSection
	GlobalSection(ProjectConfigurationPlatforms) = postSolution
		{AF37CC9E-96DF-421A-B5A0-0405DD2B866B}.Debug|Any CPU.ActiveCfg = Debug|Any CPU
		{AF37CC9E-96DF-421A-B5A0-0405DD2B866B}.Debug|Any CPU.Build.0 = Debug|Any CPU
		{AF37CC9E-96DF-421A-B5A0-0405DD2B866B}.Release|Any CPU.ActiveCfg = Release|Any CPU
		{AF37CC9E-96DF-421A-B5A0-0405DD2B866B}.Release|Any CPU.Build.0 = Release|Any CPU
	EndGlobalSection
	GlobalSection(SolutionProperties) = preSolution
		HideSolutionNode = FALSE
	EndGlobalSection
	GlobalSection(ExtensibilityGlobals) = postSolution
		SolutionGuid = {B4B47B67-8FF1-41A9-A4CC-1AFFB3282461}
	EndGlobalSection
EndGlobal
