
Microsoft Visual Studio Solution File, Format Version 12.00
# Visual Studio Version 16
VisualStudioVersion = 16.0.30320.27
MinimumVisualStudioVersion = 10.0.40219.1
Project("{FAE04EC0-301F-11D3-BF4B-00C04F79EFBC}") = "NY-Pizza", "NY-Pizza\NY-Pizza.csproj", "{4345A397-A66A-4F5B-9036-9F9F27D23405}"
EndProject
Global
	GlobalSection(SolutionConfigurationPlatforms) = preSolution
		Debug|Any CPU = Debug|Any CPU
		Release|Any CPU = Release|Any CPU
	EndGlobalSection
	GlobalSection(ProjectConfigurationPlatforms) = postSolution
		{4345A397-A66A-4F5B-9036-9F9F27D23405}.Debug|Any CPU.ActiveCfg = Debug|Any CPU
		{4345A397-A66A-4F5B-9036-9F9F27D23405}.Debug|Any CPU.Build.0 = Debug|Any CPU
		{4345A397-A66A-4F5B-9036-9F9F27D23405}.Release|Any CPU.ActiveCfg = Release|Any CPU
		{4345A397-A66A-4F5B-9036-9F9F27D23405}.Release|Any CPU.Build.0 = Release|Any CPU
	EndGlobalSection
	GlobalSection(SolutionProperties) = preSolution
		HideSolutionNode = FALSE
	EndGlobalSection
	GlobalSection(ExtensibilityGlobals) = postSolution
		SolutionGuid = {82E95F56-5B5A-4D38-99FC-BF4DE192F6F3}
	EndGlobalSection
EndGlobal
